
Microsoft Visual Studio Solution File, Format Version 12.00
# Visual Studio Version 16
VisualStudioVersion = 16.0.30804.86
MinimumVisualStudioVersion = 10.0.40219.1
Project("{888888A0-9F3D-457C-B088-3A5042F75D52}") = "space invaders", "space invaders\space invaders.pyproj", "{EDB74667-101F-49DF-ADD4-6695AEE08365}"
EndProject
Global
	GlobalSection(SolutionConfigurationPlatforms) = preSolution
		Debug|Any CPU = Debug|Any CPU
		Release|Any CPU = Release|Any CPU
	EndGlobalSection
	GlobalSection(ProjectConfigurationPlatforms) = postSolution
		{EDB74667-101F-49DF-ADD4-6695AEE08365}.Debug|Any CPU.ActiveCfg = Debug|Any CPU
		{EDB74667-101F-49DF-ADD4-6695AEE08365}.Release|Any CPU.ActiveCfg = Release|Any CPU
	EndGlobalSection
	GlobalSection(SolutionProperties) = preSolution
		HideSolutionNode = FALSE
	EndGlobalSection
	GlobalSection(ExtensibilityGlobals) = postSolution
		SolutionGuid = {6EEBC0DC-EBD0-4F80-B5A6-E70B9F38E517}
	EndGlobalSection
EndGlobal
